{
  "pins" : [
    {
      "identity" : "louissdk",
      "kind" : "remoteSourceControl",
      "location" : "https://github.com/spacedrabbit/LouisSDK",
      "state" : {
        "revision" : "8cef0e83a1841f86a7bf14d3f01dbaa735387c48",
        "version" : "0.0.2"
      }
    }
  ],
  "version" : 2
}
